
Microsoft Visual Studio Solution File, Format Version 12.00
# Visual Studio 15
VisualStudioVersion = 15.0.28307.1169
MinimumVisualStudioVersion = 10.0.40219.1
Project("{FAE04EC0-301F-11D3-BF4B-00C04F79EFBC}") = "Shop", "Shop\Shop.csproj", "{5AADFB8C-0DFF-4CE4-9264-AE8B02445093}"
EndProject
Project("{FAE04EC0-301F-11D3-BF4B-00C04F79EFBC}") = "DTO", "DTO.cs\DTO.csproj", "{B7C65481-4BD7-4A85-A2E8-1760EEDB1235}"
EndProject
Project("{FAE04EC0-301F-11D3-BF4B-00C04F79EFBC}") = "DAO", "DAO\DAO.csproj", "{EE22A425-996D-4000-84BE-B8BA9586F70E}"
EndProject
Project("{FAE04EC0-301F-11D3-BF4B-00C04F79EFBC}") = "GUI", "GUI\GUI.csproj", "{2620B836-0D69-43D0-8762-918CA220A861}"
EndProject
Project("{FAE04EC0-301F-11D3-BF4B-00C04F79EFBC}") = "BUS", "BUS\BUS.csproj", "{57D89075-1140-4B84-BFEF-0F4D9BC66678}"
EndProject
Global
	GlobalSection(SolutionConfigurationPlatforms) = preSolution
		Debug|Any CPU = Debug|Any CPU
		Release|Any CPU = Release|Any CPU
	EndGlobalSection
	GlobalSection(ProjectConfigurationPlatforms) = postSolution
		{5AADFB8C-0DFF-4CE4-9264-AE8B02445093}.Debug|Any CPU.ActiveCfg = Debug|Any CPU
		{5AADFB8C-0DFF-4CE4-9264-AE8B02445093}.Debug|Any CPU.Build.0 = Debug|Any CPU
		{5AADFB8C-0DFF-4CE4-9264-AE8B02445093}.Release|Any CPU.ActiveCfg = Release|Any CPU
		{5AADFB8C-0DFF-4CE4-9264-AE8B02445093}.Release|Any CPU.Build.0 = Release|Any CPU
		{B7C65481-4BD7-4A85-A2E8-1760EEDB1235}.Debug|Any CPU.ActiveCfg = Debug|Any CPU
		{B7C65481-4BD7-4A85-A2E8-1760EEDB1235}.Debug|Any CPU.Build.0 = Debug|Any CPU
		{B7C65481-4BD7-4A85-A2E8-1760EEDB1235}.Release|Any CPU.ActiveCfg = Release|Any CPU
		{B7C65481-4BD7-4A85-A2E8-1760EEDB1235}.Release|Any CPU.Build.0 = Release|Any CPU
		{EE22A425-996D-4000-84BE-B8BA9586F70E}.Debug|Any CPU.ActiveCfg = Debug|Any CPU
		{EE22A425-996D-4000-84BE-B8BA9586F70E}.Debug|Any CPU.Build.0 = Debug|Any CPU
		{EE22A425-996D-4000-84BE-B8BA9586F70E}.Release|Any CPU.ActiveCfg = Release|Any CPU
		{EE22A425-996D-4000-84BE-B8BA9586F70E}.Release|Any CPU.Build.0 = Release|Any CPU
		{2620B836-0D69-43D0-8762-918CA220A861}.Debug|Any CPU.ActiveCfg = Debug|Any CPU
		{2620B836-0D69-43D0-8762-918CA220A861}.Debug|Any CPU.Build.0 = Debug|Any CPU
		{2620B836-0D69-43D0-8762-918CA220A861}.Release|Any CPU.ActiveCfg = Release|Any CPU
		{2620B836-0D69-43D0-8762-918CA220A861}.Release|Any CPU.Build.0 = Release|Any CPU
		{57D89075-1140-4B84-BFEF-0F4D9BC66678}.Debug|Any CPU.ActiveCfg = Debug|Any CPU
		{57D89075-1140-4B84-BFEF-0F4D9BC66678}.Debug|Any CPU.Build.0 = Debug|Any CPU
		{57D89075-1140-4B84-BFEF-0F4D9BC66678}.Release|Any CPU.ActiveCfg = Release|Any CPU
		{57D89075-1140-4B84-BFEF-0F4D9BC66678}.Release|Any CPU.Build.0 = Release|Any CPU
	EndGlobalSection
	GlobalSection(SolutionProperties) = preSolution
		HideSolutionNode = FALSE
	EndGlobalSection
	GlobalSection(ExtensibilityGlobals) = postSolution
		SolutionGuid = {A6C1470D-3910-414A-B56E-9FA4C2E08DA9}
	EndGlobalSection
EndGlobal
