
Microsoft Visual Studio Solution File, Format Version 12.00
# Visual Studio 15
VisualStudioVersion = 15.0.28307.1145
MinimumVisualStudioVersion = 10.0.40219.1
Project("{FAE04EC0-301F-11D3-BF4B-00C04F79EFBC}") = "GDI", "GDI\GDI.csproj", "{20513052-8C51-4163-AD1A-3A6B64742354}"
EndProject
Global
	GlobalSection(SolutionConfigurationPlatforms) = preSolution
		Debug|Any CPU = Debug|Any CPU
		Release|Any CPU = Release|Any CPU
	EndGlobalSection
	GlobalSection(ProjectConfigurationPlatforms) = postSolution
		{20513052-8C51-4163-AD1A-3A6B64742354}.Debug|Any CPU.ActiveCfg = Debug|Any CPU
		{20513052-8C51-4163-AD1A-3A6B64742354}.Debug|Any CPU.Build.0 = Debug|Any CPU
		{20513052-8C51-4163-AD1A-3A6B64742354}.Release|Any CPU.ActiveCfg = Release|Any CPU
		{20513052-8C51-4163-AD1A-3A6B64742354}.Release|Any CPU.Build.0 = Release|Any CPU
	EndGlobalSection
	GlobalSection(SolutionProperties) = preSolution
		HideSolutionNode = FALSE
	EndGlobalSection
	GlobalSection(ExtensibilityGlobals) = postSolution
		SolutionGuid = {93CB58E5-E882-4432-B8EB-F7FE494A15B7}
	EndGlobalSection
EndGlobal
